
Microsoft Visual Studio Solution File, Format Version 12.00
# Visual Studio 15
Project("{FAE04EC0-301F-11D3-BF4B-00C04F79EFBC}") = "Unity.Timeline", "Unity.Timeline.csproj", "{70F9B370-2FD9-7B3D-D9B4-E142FC61D938}"
EndProject
Project("{FAE04EC0-301F-11D3-BF4B-00C04F79EFBC}") = "Unity.ShaderGraph.Editor", "Unity.ShaderGraph.Editor.csproj", "{06E4BE0B-4267-647B-BEB1-1A4C92B5090B}"
EndProject
Project("{FAE04EC0-301F-11D3-BF4B-00C04F79EFBC}") = "Unity.XR.Management", "Unity.XR.Management.csproj", "{D35CB18D-445D-6615-E538-43B0118D14EE}"
EndProject
Project("{FAE04EC0-301F-11D3-BF4B-00C04F79EFBC}") = "Meta.XR.MultiplayerBlocks.Shared", "Meta.XR.MultiplayerBlocks.Shared.csproj", "{8DD4702C-73ED-6095-58B5-DF6744DBE596}"
EndProject
Project("{FAE04EC0-301F-11D3-BF4B-00C04F79EFBC}") = "Oculus.Interaction", "Oculus.Interaction.csproj", "{31AAE1EB-EAB8-A315-C5BA-432E17FDF2AE}"
EndProject
Project("{FAE04EC0-301F-11D3-BF4B-00C04F79EFBC}") = "Unity.VisualScripting.Flow", "Unity.VisualScripting.Flow.csproj", "{5618EF9A-6CAF-AA38-6CEF-CEEA6DBBE379}"
EndProject
Project("{FAE04EC0-301F-11D3-BF4B-00C04F79EFBC}") = "UnityEditor.UI", "UnityEditor.UI.csproj", "{FBE45BBB-E7EC-3899-CF42-94B688A56CEE}"
EndProject
Project("{FAE04EC0-301F-11D3-BF4B-00C04F79EFBC}") = "Meta.XR.BuildingBlocks", "Meta.XR.BuildingBlocks.csproj", "{77570694-2451-52DC-4E33-832755D0721D}"
EndProject
Project("{FAE04EC0-301F-11D3-BF4B-00C04F79EFBC}") = "Unity.Timeline.Editor", "Unity.Timeline.Editor.csproj", "{E057A07C-3720-6421-4C6C-58A2939BD826}"
EndProject
Project("{FAE04EC0-301F-11D3-BF4B-00C04F79EFBC}") = "Unity.PlasticSCM.Editor", "Unity.PlasticSCM.Editor.csproj", "{5B81E633-C25C-6D86-D8C1-AFD208AE042A}"
EndProject
Project("{FAE04EC0-301F-11D3-BF4B-00C04F79EFBC}") = "Unity.RenderPipelines.Core.Runtime", "Unity.RenderPipelines.Core.Runtime.csproj", "{2EF0636F-A584-C629-361A-C5552F8D5000}"
EndProject
Project("{FAE04EC0-301F-11D3-BF4B-00C04F79EFBC}") = "Assembly-CSharp", "Assembly-CSharp.csproj", "{B7962EEB-0C84-CE16-226B-72B16064EE6D}"
EndProject
Project("{FAE04EC0-301F-11D3-BF4B-00C04F79EFBC}") = "Unity.RenderPipelines.Universal.Runtime", "Unity.RenderPipelines.Universal.Runtime.csproj", "{85B2903F-A894-1201-32CA-90A1BADDDEEF}"
EndProject
Project("{FAE04EC0-301F-11D3-BF4B-00C04F79EFBC}") = "Unity.Mathematics", "Unity.Mathematics.csproj", "{739D7A12-2AA8-1447-E50A-8229415047F5}"
EndProject
Project("{FAE04EC0-301F-11D3-BF4B-00C04F79EFBC}") = "Unity.RenderPipelines.Core.Editor", "Unity.RenderPipelines.Core.Editor.csproj", "{F4F8C22A-E817-04D9-88AA-C17CC925504B}"
EndProject
Project("{FAE04EC0-301F-11D3-BF4B-00C04F79EFBC}") = "Oculus.Interaction.Editor", "Oculus.Interaction.Editor.csproj", "{0A127C76-1874-B518-D644-0D1982648BC8}"
EndProject
Project("{FAE04EC0-301F-11D3-BF4B-00C04F79EFBC}") = "Unity.VisualScripting.Core.Editor", "Unity.VisualScripting.Core.Editor.csproj", "{B137E6B2-7FF7-7F17-1B24-B25475DDC6B8}"
EndProject
Project("{FAE04EC0-301F-11D3-BF4B-00C04F79EFBC}") = "UnityEditor.TestRunner", "UnityEditor.TestRunner.csproj", "{2EC8A3FD-BA50-08A1-6EFF-778BF568107F}"
EndProject
Project("{FAE04EC0-301F-11D3-BF4B-00C04F79EFBC}") = "Unity.RenderPipelines.Universal.Editor", "Unity.RenderPipelines.Universal.Editor.csproj", "{38323442-FEB3-5F2A-82C1-B3244457BA9F}"
EndProject
Project("{FAE04EC0-301F-11D3-BF4B-00C04F79EFBC}") = "Unity.TextMeshPro.Editor", "Unity.TextMeshPro.Editor.csproj", "{75E6ECBF-A7E4-4961-C957-4F277FB3BE9F}"
EndProject
Project("{FAE04EC0-301F-11D3-BF4B-00C04F79EFBC}") = "Unity.VisualScripting.Flow.Editor", "Unity.VisualScripting.Flow.Editor.csproj", "{A0A1F46D-960A-4635-18B4-CF4FDF3D1DAA}"
EndProject
Project("{FAE04EC0-301F-11D3-BF4B-00C04F79EFBC}") = "UnityEngine.TestRunner", "UnityEngine.TestRunner.csproj", "{83A3013A-071B-44CF-50C8-051E1F554067}"
EndProject
Project("{FAE04EC0-301F-11D3-BF4B-00C04F79EFBC}") = "Unity.VisualScripting.Core", "Unity.VisualScripting.Core.csproj", "{DF0E5F05-8465-B3D6-5C9D-2B6884F80573}"
EndProject
Project("{FAE04EC0-301F-11D3-BF4B-00C04F79EFBC}") = "Oculus.VR", "Oculus.VR.csproj", "{20534747-C524-1646-3415-68A8223A6B16}"
EndProject
Project("{FAE04EC0-301F-11D3-BF4B-00C04F79EFBC}") = "Oculus.Interaction.OVR", "Oculus.Interaction.OVR.csproj", "{3BC80168-D1FE-9DA3-B13C-745ED6C5869F}"
EndProject
Project("{FAE04EC0-301F-11D3-BF4B-00C04F79EFBC}") = "Unity.Searcher.Editor", "Unity.Searcher.Editor.csproj", "{1C9E580C-E40C-2BAD-0004-599F65A74907}"
EndProject
Project("{FAE04EC0-301F-11D3-BF4B-00C04F79EFBC}") = "Unity.XR.Oculus", "Unity.XR.Oculus.csproj", "{EB143512-A06D-B858-4EA5-801F5A7DB4B1}"
EndProject
Project("{FAE04EC0-301F-11D3-BF4B-00C04F79EFBC}") = "Unity.Burst", "Unity.Burst.csproj", "{4103EA0A-72BA-75AD-09F4-EA49087187C4}"
EndProject
Project("{FAE04EC0-301F-11D3-BF4B-00C04F79EFBC}") = "Oculus.VR.Editor", "Oculus.VR.Editor.csproj", "{E3EDF9D1-E889-38E8-B632-6F1315D35EF5}"
EndProject
Project("{FAE04EC0-301F-11D3-BF4B-00C04F79EFBC}") = "Meta.XR.Guides.Editor", "Meta.XR.Guides.Editor.csproj", "{06330E61-DBD9-7E88-33C2-E9F18929B066}"
EndProject
Project("{FAE04EC0-301F-11D3-BF4B-00C04F79EFBC}") = "Unity.Animation.Rigging", "Unity.Animation.Rigging.csproj", "{C4791A42-3307-9615-C584-B35BB976E7DB}"
EndProject
Project("{FAE04EC0-301F-11D3-BF4B-00C04F79EFBC}") = "Oculus.VR.Scripts.Editor", "Oculus.VR.Scripts.Editor.csproj", "{F7E0EAFC-2B62-1996-FFEA-0ED71FDE7D39}"
EndProject
Project("{FAE04EC0-301F-11D3-BF4B-00C04F79EFBC}") = "Unity.VisualStudio.Editor", "Unity.VisualStudio.Editor.csproj", "{50F85514-538E-7F36-CA8F-B30F9FD08F3B}"
EndProject
Project("{FAE04EC0-301F-11D3-BF4B-00C04F79EFBC}") = "Unity.XR.Oculus.Editor", "Unity.XR.Oculus.Editor.csproj", "{24EE48BB-37EE-6A5B-A46B-BB650D38430D}"
EndProject
Project("{FAE04EC0-301F-11D3-BF4B-00C04F79EFBC}") = "Unity.Animation.Rigging.Editor", "Unity.Animation.Rigging.Editor.csproj", "{1947BEEA-30ED-2651-EA8F-AE2CF71B23BE}"
EndProject
Project("{FAE04EC0-301F-11D3-BF4B-00C04F79EFBC}") = "PPv2URPConverters", "PPv2URPConverters.csproj", "{DFF06BA8-7963-216F-1D06-341ABC572417}"
EndProject
Project("{FAE04EC0-301F-11D3-BF4B-00C04F79EFBC}") = "Unity.TestTools.CodeCoverage.Editor.OpenCover.Model", "Unity.TestTools.CodeCoverage.Editor.OpenCover.Model.csproj", "{432B9D05-A24B-46FB-D5B1-92E3358290ED}"
EndProject
Project("{FAE04EC0-301F-11D3-BF4B-00C04F79EFBC}") = "Unity.Rider.Editor", "Unity.Rider.Editor.csproj", "{E8943A6A-FBEB-035A-9292-010C233980C9}"
EndProject
Project("{FAE04EC0-301F-11D3-BF4B-00C04F79EFBC}") = "Assembly-CSharp-Editor", "Assembly-CSharp-Editor.csproj", "{D76BA288-6F36-A95D-37C6-872691640EF2}"
EndProject
Project("{FAE04EC0-301F-11D3-BF4B-00C04F79EFBC}") = "Oculus.Interaction.Samples", "Oculus.Interaction.Samples.csproj", "{1E19944A-A621-D9F6-5405-4472D60B8C06}"
EndProject
Project("{FAE04EC0-301F-11D3-BF4B-00C04F79EFBC}") = "Oculus.Interaction.OVR.Editor", "Oculus.Interaction.OVR.Editor.csproj", "{5BDE3EE9-E428-020D-B855-D4B0F060067F}"
EndProject
Project("{FAE04EC0-301F-11D3-BF4B-00C04F79EFBC}") = "Unity.VisualScripting.State.Editor", "Unity.VisualScripting.State.Editor.csproj", "{8C071111-0E30-39D3-0C50-F688DFFA36F7}"
EndProject
Project("{FAE04EC0-301F-11D3-BF4B-00C04F79EFBC}") = "Meta.XR.ImmersiveDebugger.Editor", "Meta.XR.ImmersiveDebugger.Editor.csproj", "{938EEE05-F6BD-21F2-19DF-502C422E7E9A}"
EndProject
Project("{FAE04EC0-301F-11D3-BF4B-00C04F79EFBC}") = "UnityEngine.UI", "UnityEngine.UI.csproj", "{5070A51B-7263-A81B-F73C-75BC91BCE6DB}"
EndProject
Project("{FAE04EC0-301F-11D3-BF4B-00C04F79EFBC}") = "Unity.TestTools.CodeCoverage.Editor", "Unity.TestTools.CodeCoverage.Editor.csproj", "{5FCE994A-653B-6CE9-AC16-7A55053A289C}"
EndProject
Project("{FAE04EC0-301F-11D3-BF4B-00C04F79EFBC}") = "Unity.Burst.CodeGen", "Unity.Burst.CodeGen.csproj", "{E2672FE7-6B65-B7D9-E2A0-6FA38CE5A61A}"
EndProject
Project("{FAE04EC0-301F-11D3-BF4B-00C04F79EFBC}") = "Unity.RenderPipeline.Universal.ShaderLibrary", "Unity.RenderPipeline.Universal.ShaderLibrary.csproj", "{91C32C2B-3549-78DD-E199-179AC715F55E}"
EndProject
Project("{FAE04EC0-301F-11D3-BF4B-00C04F79EFBC}") = "Meta.XR.Editor.StatusMenu", "Meta.XR.Editor.StatusMenu.csproj", "{FFE3B8A2-B72A-E960-2CD1-37604442AB09}"
EndProject
Project("{FAE04EC0-301F-11D3-BF4B-00C04F79EFBC}") = "Unity.VisualScripting.State", "Unity.VisualScripting.State.csproj", "{E921665C-B3C8-7252-3D63-543E5555AEAC}"
EndProject
Project("{FAE04EC0-301F-11D3-BF4B-00C04F79EFBC}") = "Unity.TextMeshPro", "Unity.TextMeshPro.csproj", "{E2FBB974-B146-F576-E0E6-E3851314B2FC}"
EndProject
Project("{FAE04EC0-301F-11D3-BF4B-00C04F79EFBC}") = "Unity.XR.Management.Editor", "Unity.XR.Management.Editor.csproj", "{95F559B3-B840-25F8-93A8-F4D41B229631}"
EndProject
Project("{FAE04EC0-301F-11D3-BF4B-00C04F79EFBC}") = "Unity.Performance.Profile-Analyzer.Editor", "Unity.Performance.Profile-Analyzer.Editor.csproj", "{598AB03D-AB98-BDA4-4D1B-A20CF184D4B3}"
EndProject
Project("{FAE04EC0-301F-11D3-BF4B-00C04F79EFBC}") = "Meta.XR.ImmersiveDebugger", "Meta.XR.ImmersiveDebugger.csproj", "{AD6E89BE-55BC-2A31-1092-890DA32D779D}"
EndProject
Project("{FAE04EC0-301F-11D3-BF4B-00C04F79EFBC}") = "Unity.VisualScripting.SettingsProvider.Editor", "Unity.VisualScripting.SettingsProvider.Editor.csproj", "{9927CB33-AC26-F46B-4420-349665F5BEB7}"
EndProject
Project("{FAE04EC0-301F-11D3-BF4B-00C04F79EFBC}") = "Unity.VSCode.Editor", "Unity.VSCode.Editor.csproj", "{CCBC036C-40A7-C0E7-E4C1-316B105286B5}"
EndProject
Project("{FAE04EC0-301F-11D3-BF4B-00C04F79EFBC}") = "Meta.XR.BuildingBlocks.Editor", "Meta.XR.BuildingBlocks.Editor.csproj", "{34F5E54D-4449-F82C-7B13-9AB590C7303B}"
EndProject
Project("{FAE04EC0-301F-11D3-BF4B-00C04F79EFBC}") = "Unity.Burst.Editor", "Unity.Burst.Editor.csproj", "{FFD1C587-AEB6-6A29-DCB6-0F33EE19F9FB}"
EndProject
Project("{FAE04EC0-301F-11D3-BF4B-00C04F79EFBC}") = "Meta.XR.Editor.Tags", "Meta.XR.Editor.Tags.csproj", "{E1A69F82-7BC4-6055-FA95-5FEF1B05E510}"
EndProject
Project("{FAE04EC0-301F-11D3-BF4B-00C04F79EFBC}") = "Unity.TestTools.CodeCoverage.Editor.OpenCover.Mono.Reflection", "Unity.TestTools.CodeCoverage.Editor.OpenCover.Mono.Reflection.csproj", "{1E5F747C-94C9-06A4-6612-5CA3394AC64D}"
EndProject
Project("{FAE04EC0-301F-11D3-BF4B-00C04F79EFBC}") = "Meta.XR.MultiplayerBlocks.Fusion.Editor", "Meta.XR.MultiplayerBlocks.Fusion.Editor.csproj", "{331FD2A3-98B8-3E13-A9BE-374B59068D1F}"
EndProject
Project("{FAE04EC0-301F-11D3-BF4B-00C04F79EFBC}") = "Meta.XR.Editor.PlayCompanion", "Meta.XR.Editor.PlayCompanion.csproj", "{8CFB0E01-3757-DB5F-71E0-75F9B44339B3}"
EndProject
Project("{FAE04EC0-301F-11D3-BF4B-00C04F79EFBC}") = "Unity.Settings.Editor", "Unity.Settings.Editor.csproj", "{705D2090-3915-8A7E-AA33-6572F4ED6B84}"
EndProject
Project("{FAE04EC0-301F-11D3-BF4B-00C04F79EFBC}") = "Meta.XR.BuildingBlocks.DepthAPI.Editor", "Meta.XR.BuildingBlocks.DepthAPI.Editor.csproj", "{E73DE878-C06E-CC7D-592F-2243576122A9}"
EndProject
Project("{FAE04EC0-301F-11D3-BF4B-00C04F79EFBC}") = "UnityEngine.SpatialTracking", "UnityEngine.SpatialTracking.csproj", "{AC033D22-1329-AB9B-D908-DCD5A8023EDA}"
EndProject
Project("{FAE04EC0-301F-11D3-BF4B-00C04F79EFBC}") = "Meta.XR.MultiplayerBlocks.Shared.Editor", "Meta.XR.MultiplayerBlocks.Shared.Editor.csproj", "{8C0471AB-7042-CF7F-8B2C-5EA6630494CC}"
EndProject
Project("{FAE04EC0-301F-11D3-BF4B-00C04F79EFBC}") = "Unity.Mathematics.Editor", "Unity.Mathematics.Editor.csproj", "{E593B461-701F-87DE-7F8C-830CE553060F}"
EndProject
Project("{FAE04EC0-301F-11D3-BF4B-00C04F79EFBC}") = "Meta.XR.MultiplayerBlocks.NGO.Editor", "Meta.XR.MultiplayerBlocks.NGO.Editor.csproj", "{74474F2D-3EB5-62CB-439F-D51E657BF4A5}"
EndProject
Project("{FAE04EC0-301F-11D3-BF4B-00C04F79EFBC}") = "Meta.XR.EnvironmentDepth", "Meta.XR.EnvironmentDepth.csproj", "{40973732-125F-C037-954C-41F267CFD4E5}"
EndProject
Project("{FAE04EC0-301F-11D3-BF4B-00C04F79EFBC}") = "UnityEditor.SpatialTracking", "UnityEditor.SpatialTracking.csproj", "{DBA4B512-3F49-2AD4-659C-11D3293E59B4}"
EndProject
Project("{FAE04EC0-301F-11D3-BF4B-00C04F79EFBC}") = "Meta.XR.Editor.Callbacks", "Meta.XR.Editor.Callbacks.csproj", "{11D9E71D-9D3D-4F63-0783-4BBE1B3009A1}"
EndProject
Project("{FAE04EC0-301F-11D3-BF4B-00C04F79EFBC}") = "Oculus.Interaction.OVR.Samples", "Oculus.Interaction.OVR.Samples.csproj", "{E7EEDD8E-957B-C250-7550-85C8F0028BF0}"
EndProject
Project("{FAE04EC0-301F-11D3-BF4B-00C04F79EFBC}") = "UnityEditor.XR.LegacyInputHelpers", "UnityEditor.XR.LegacyInputHelpers.csproj", "{FB6048BB-0F23-3CE3-DA28-5DE5D2B3F964}"
EndProject
Project("{FAE04EC0-301F-11D3-BF4B-00C04F79EFBC}") = "Unity.ShaderGraph.Utilities", "Unity.ShaderGraph.Utilities.csproj", "{5C9963A1-3E76-C2D0-6074-377BEF776A44}"
EndProject
Project("{FAE04EC0-301F-11D3-BF4B-00C04F79EFBC}") = "Meta.XR.Editor.UserInterface", "Meta.XR.Editor.UserInterface.csproj", "{B0303569-DA74-D22E-0215-2DF98DECAB86}"
EndProject
Project("{FAE04EC0-301F-11D3-BF4B-00C04F79EFBC}") = "Meta.XR.BuildingBlocks.DepthAPI", "Meta.XR.BuildingBlocks.DepthAPI.csproj", "{8519455D-95CD-03BB-18A6-FF88356F4D67}"
EndProject
Project("{FAE04EC0-301F-11D3-BF4B-00C04F79EFBC}") = "Unity.VisualScripting.Shared.Editor", "Unity.VisualScripting.Shared.Editor.csproj", "{5405FB94-A369-8F3E-160F-3C4000EAD376}"
EndProject
Project("{FAE04EC0-301F-11D3-BF4B-00C04F79EFBC}") = "Meta.XR.EnvironmentDepth.Editor", "Meta.XR.EnvironmentDepth.Editor.csproj", "{9F1498D1-C41C-71FD-CF94-A09D3BC1D253}"
EndProject
Project("{FAE04EC0-301F-11D3-BF4B-00C04F79EFBC}") = "Unity.EditorCoroutines.Editor", "Unity.EditorCoroutines.Editor.csproj", "{8592C0AB-08D7-AA7A-F524-F527322E4637}"
EndProject
Project("{FAE04EC0-301F-11D3-BF4B-00C04F79EFBC}") = "Unity.Animation.Rigging.DocCodeExamples", "Unity.Animation.Rigging.DocCodeExamples.csproj", "{F4EFF43E-3B0E-5F66-1A48-7242AE516606}"
EndProject
Project("{FAE04EC0-301F-11D3-BF4B-00C04F79EFBC}") = "UnityEngine.XR.LegacyInputHelpers", "UnityEngine.XR.LegacyInputHelpers.csproj", "{115EF7A4-4F6A-3013-617F-8EB099A0FA0A}"
EndProject
Project("{FAE04EC0-301F-11D3-BF4B-00C04F79EFBC}") = "Oculus.Interaction.InterfaceSupport", "Oculus.Interaction.InterfaceSupport.csproj", "{1B5C1113-05AE-8F4F-FBCF-703B9F927E1C}"
EndProject
Project("{FAE04EC0-301F-11D3-BF4B-00C04F79EFBC}") = "Meta.XR.ImmersiveDebugger.Interface", "Meta.XR.ImmersiveDebugger.Interface.csproj", "{82C48D23-9712-F30A-723D-37D426ECD944}"
EndProject
Project("{FAE04EC0-301F-11D3-BF4B-00C04F79EFBC}") = "Oculus.Interaction.Samples.Editor", "Oculus.Interaction.Samples.Editor.csproj", "{F9819314-73A3-D16B-A6B0-DABCC48C83B2}"
EndProject
Project("{FAE04EC0-301F-11D3-BF4B-00C04F79EFBC}") = "Unity.CollabProxy.Editor", "Unity.CollabProxy.Editor.csproj", "{983F08E4-F6D1-23AB-87DD-9FA2516DC381}"
EndProject
Project("{FAE04EC0-301F-11D3-BF4B-00C04F79EFBC}") = "Unity.RenderPipelines.ShaderGraph.ShaderGraphLibrary", "Unity.RenderPipelines.ShaderGraph.ShaderGraphLibrary.csproj", "{94BD4FA3-B078-85C1-E8E3-925EAD60E25E}"
EndProject
Project("{FAE04EC0-301F-11D3-BF4B-00C04F79EFBC}") = "Unity.RenderPipelines.Core.ShaderLibrary", "Unity.RenderPipelines.Core.ShaderLibrary.csproj", "{0C15A29C-4806-1B7F-F39E-B8811D274AC0}"
EndProject
Project("{FAE04EC0-301F-11D3-BF4B-00C04F79EFBC}") = "Unity.RenderPipelines.Universal.Shaders", "Unity.RenderPipelines.Universal.Shaders.csproj", "{A66772FA-E8F8-7EDC-FF8C-6F3C1B077B61}"
EndProject
Project("{FAE04EC0-301F-11D3-BF4B-00C04F79EFBC}") = "Unity.Timeline", "Unity.Timeline.Player.csproj", "{284EB457-DBF7-99C5-39D5-BDB1DADCEAD2}"
EndProject
Project("{FAE04EC0-301F-11D3-BF4B-00C04F79EFBC}") = "Unity.XR.Management", "Unity.XR.Management.Player.csproj", "{B6185227-6E50-CC36-55F2-952BBBC82020}"
EndProject
Project("{FAE04EC0-301F-11D3-BF4B-00C04F79EFBC}") = "Meta.XR.MultiplayerBlocks.Shared", "Meta.XR.MultiplayerBlocks.Shared.Player.csproj", "{EB05D637-1AA9-42FB-5E81-8634D7B99329}"
EndProject
Project("{FAE04EC0-301F-11D3-BF4B-00C04F79EFBC}") = "Oculus.Interaction", "Oculus.Interaction.Player.csproj", "{C9F79E9C-7623-79F9-913E-9F60A78DF4E3}"
EndProject
Project("{FAE04EC0-301F-11D3-BF4B-00C04F79EFBC}") = "Unity.VisualScripting.Flow", "Unity.VisualScripting.Flow.Player.csproj", "{3653BD27-7AE1-5177-6E58-ECB3634D9CEF}"
EndProject
Project("{FAE04EC0-301F-11D3-BF4B-00C04F79EFBC}") = "Meta.XR.BuildingBlocks", "Meta.XR.BuildingBlocks.Player.csproj", "{93FB3597-B3AB-F5FA-17DA-847298D01A56}"
EndProject
Project("{FAE04EC0-301F-11D3-BF4B-00C04F79EFBC}") = "Unity.RenderPipelines.Core.Runtime", "Unity.RenderPipelines.Core.Runtime.Player.csproj", "{0E8031A5-D93D-E0FD-0187-CFEDDBEA23A6}"
EndProject
Project("{FAE04EC0-301F-11D3-BF4B-00C04F79EFBC}") = "Assembly-CSharp", "Assembly-CSharp.Player.csproj", "{B9A96E47-66FE-32B4-C3A2-852982D751D2}"
EndProject
Project("{FAE04EC0-301F-11D3-BF4B-00C04F79EFBC}") = "Unity.RenderPipelines.Universal.Runtime", "Unity.RenderPipelines.Universal.Runtime.Player.csproj", "{7D32E9CC-E12D-A369-11B7-D2736DF9CC90}"
EndProject
Project("{FAE04EC0-301F-11D3-BF4B-00C04F79EFBC}") = "Unity.Mathematics", "Unity.Mathematics.Player.csproj", "{953662A2-092F-6FB6-377F-076B453B9145}"
EndProject
Project("{FAE04EC0-301F-11D3-BF4B-00C04F79EFBC}") = "UnityEngine.TestRunner", "UnityEngine.TestRunner.Player.csproj", "{F7241695-1575-BF66-47C2-62B7E39E7579}"
EndProject
Project("{FAE04EC0-301F-11D3-BF4B-00C04F79EFBC}") = "Unity.VisualScripting.Core", "Unity.VisualScripting.Core.Player.csproj", "{767FAC63-43F0-5358-AFC4-E9A8DC20E071}"
EndProject
Project("{FAE04EC0-301F-11D3-BF4B-00C04F79EFBC}") = "Oculus.VR", "Oculus.VR.Player.csproj", "{242823D1-65BE-9DA6-0A08-CC5B7455D5FC}"
EndProject
Project("{FAE04EC0-301F-11D3-BF4B-00C04F79EFBC}") = "Oculus.Interaction.OVR", "Oculus.Interaction.OVR.Player.csproj", "{9FBE29CF-2D00-A673-33B5-B6DA4255B66F}"
EndProject
Project("{FAE04EC0-301F-11D3-BF4B-00C04F79EFBC}") = "Unity.XR.Oculus", "Unity.XR.Oculus.Player.csproj", "{B3B92E04-B631-3615-BC44-81DDD73E1351}"
EndProject
Project("{FAE04EC0-301F-11D3-BF4B-00C04F79EFBC}") = "Unity.Burst", "Unity.Burst.Player.csproj", "{BDE11D14-3610-1B24-E76B-1626BB5EA95B}"
EndProject
Project("{FAE04EC0-301F-11D3-BF4B-00C04F79EFBC}") = "Unity.Animation.Rigging", "Unity.Animation.Rigging.Player.csproj", "{B349FE13-553A-431E-350E-DF1E9E3163F5}"
EndProject
Project("{FAE04EC0-301F-11D3-BF4B-00C04F79EFBC}") = "Oculus.Interaction.Samples", "Oculus.Interaction.Samples.Player.csproj", "{FF1D751E-B0BF-FB55-B6A9-8BC07517C9B8}"
EndProject
Project("{FAE04EC0-301F-11D3-BF4B-00C04F79EFBC}") = "UnityEngine.UI", "UnityEngine.UI.Player.csproj", "{5C474232-85CD-A660-39A1-F85C1F707EA9}"
EndProject
Project("{FAE04EC0-301F-11D3-BF4B-00C04F79EFBC}") = "Unity.RenderPipeline.Universal.ShaderLibrary", "Unity.RenderPipeline.Universal.ShaderLibrary.Player.csproj", "{504287A7-C340-F717-6FBC-EFFDC48D1826}"
EndProject
Project("{FAE04EC0-301F-11D3-BF4B-00C04F79EFBC}") = "Unity.VisualScripting.State", "Unity.VisualScripting.State.Player.csproj", "{94C7CB41-4B80-B770-6C82-2C8108E08C4D}"
EndProject
Project("{FAE04EC0-301F-11D3-BF4B-00C04F79EFBC}") = "Unity.TextMeshPro", "Unity.TextMeshPro.Player.csproj", "{A7068163-6E4E-5C3F-5704-F3EFD0FC1E3C}"
EndProject
Project("{FAE04EC0-301F-11D3-BF4B-00C04F79EFBC}") = "Meta.XR.ImmersiveDebugger", "Meta.XR.ImmersiveDebugger.Player.csproj", "{EA6496A4-A514-4402-01FE-B161F6E4994F}"
EndProject
Project("{FAE04EC0-301F-11D3-BF4B-00C04F79EFBC}") = "UnityEngine.SpatialTracking", "UnityEngine.SpatialTracking.Player.csproj", "{4FF8D203-A6AD-6508-727C-753A275B3BE2}"
EndProject
Project("{FAE04EC0-301F-11D3-BF4B-00C04F79EFBC}") = "Meta.XR.EnvironmentDepth", "Meta.XR.EnvironmentDepth.Player.csproj", "{C231BDF6-2330-3D4C-EF28-334E56632ADD}"
EndProject
Project("{FAE04EC0-301F-11D3-BF4B-00C04F79EFBC}") = "Oculus.Interaction.OVR.Samples", "Oculus.Interaction.OVR.Samples.Player.csproj", "{C23D59C6-019A-8419-0C48-E05B816006E5}"
EndProject
Project("{FAE04EC0-301F-11D3-BF4B-00C04F79EFBC}") = "Unity.Animation.Rigging.DocCodeExamples", "Unity.Animation.Rigging.DocCodeExamples.Player.csproj", "{81C34AAD-44DB-78A0-5211-31B25790DC2F}"
EndProject
Project("{FAE04EC0-301F-11D3-BF4B-00C04F79EFBC}") = "UnityEngine.XR.LegacyInputHelpers", "UnityEngine.XR.LegacyInputHelpers.Player.csproj", "{679DB41E-AF77-A831-27B8-C5C85109C9A8}"
EndProject
Project("{FAE04EC0-301F-11D3-BF4B-00C04F79EFBC}") = "Meta.XR.ImmersiveDebugger.Interface", "Meta.XR.ImmersiveDebugger.Interface.Player.csproj", "{C2F09843-1755-329A-758F-640FFFBE3A63}"
EndProject
Project("{FAE04EC0-301F-11D3-BF4B-00C04F79EFBC}") = "Unity.RenderPipelines.ShaderGraph.ShaderGraphLibrary", "Unity.RenderPipelines.ShaderGraph.ShaderGraphLibrary.Player.csproj", "{B3F1B908-D459-F01F-AE16-365444B53E02}"
EndProject
Project("{FAE04EC0-301F-11D3-BF4B-00C04F79EFBC}") = "Unity.RenderPipelines.Core.ShaderLibrary", "Unity.RenderPipelines.Core.ShaderLibrary.Player.csproj", "{8EC10995-F491-1832-4354-D15ABAD8F5E9}"
EndProject
Project("{FAE04EC0-301F-11D3-BF4B-00C04F79EFBC}") = "Unity.RenderPipelines.Universal.Shaders", "Unity.RenderPipelines.Universal.Shaders.Player.csproj", "{9E30AF5E-C14D-DD9B-BBD3-B02B560EFE4A}"
EndProject
Global
	GlobalSection(SolutionConfigurationPlatforms) = preSolution
		Debug|Any CPU = Debug|Any CPU
		Release|Any CPU = Release|Any CPU
	EndGlobalSection
	GlobalSection(ProjectConfigurationPlatforms) = postSolution
		{70F9B370-2FD9-7B3D-D9B4-E142FC61D938}.Debug|Any CPU.ActiveCfg = Debug|Any CPU
		{70F9B370-2FD9-7B3D-D9B4-E142FC61D938}.Debug|Any CPU.Build.0 = Debug|Any CPU
		{70F9B370-2FD9-7B3D-D9B4-E142FC61D938}.Release|Any CPU.ActiveCfg = Release|Any CPU
		{70F9B370-2FD9-7B3D-D9B4-E142FC61D938}.Release|Any CPU.Build.0 = Release|Any CPU
		{06E4BE0B-4267-647B-BEB1-1A4C92B5090B}.Debug|Any CPU.ActiveCfg = Debug|Any CPU
		{06E4BE0B-4267-647B-BEB1-1A4C92B5090B}.Debug|Any CPU.Build.0 = Debug|Any CPU
		{06E4BE0B-4267-647B-BEB1-1A4C92B5090B}.Release|Any CPU.ActiveCfg = Release|Any CPU
		{06E4BE0B-4267-647B-BEB1-1A4C92B5090B}.Release|Any CPU.Build.0 = Release|Any CPU
		{D35CB18D-445D-6615-E538-43B0118D14EE}.Debug|Any CPU.ActiveCfg = Debug|Any CPU
		{D35CB18D-445D-6615-E538-43B0118D14EE}.Debug|Any CPU.Build.0 = Debug|Any CPU
		{D35CB18D-445D-6615-E538-43B0118D14EE}.Release|Any CPU.ActiveCfg = Release|Any CPU
		{D35CB18D-445D-6615-E538-43B0118D14EE}.Release|Any CPU.Build.0 = Release|Any CPU
		{8DD4702C-73ED-6095-58B5-DF6744DBE596}.Debug|Any CPU.ActiveCfg = Debug|Any CPU
		{8DD4702C-73ED-6095-58B5-DF6744DBE596}.Debug|Any CPU.Build.0 = Debug|Any CPU
		{8DD4702C-73ED-6095-58B5-DF6744DBE596}.Release|Any CPU.ActiveCfg = Release|Any CPU
		{8DD4702C-73ED-6095-58B5-DF6744DBE596}.Release|Any CPU.Build.0 = Release|Any CPU
		{31AAE1EB-EAB8-A315-C5BA-432E17FDF2AE}.Debug|Any CPU.ActiveCfg = Debug|Any CPU
		{31AAE1EB-EAB8-A315-C5BA-432E17FDF2AE}.Debug|Any CPU.Build.0 = Debug|Any CPU
		{31AAE1EB-EAB8-A315-C5BA-432E17FDF2AE}.Release|Any CPU.ActiveCfg = Release|Any CPU
		{31AAE1EB-EAB8-A315-C5BA-432E17FDF2AE}.Release|Any CPU.Build.0 = Release|Any CPU
		{5618EF9A-6CAF-AA38-6CEF-CEEA6DBBE379}.Debug|Any CPU.ActiveCfg = Debug|Any CPU
		{5618EF9A-6CAF-AA38-6CEF-CEEA6DBBE379}.Debug|Any CPU.Build.0 = Debug|Any CPU
		{5618EF9A-6CAF-AA38-6CEF-CEEA6DBBE379}.Release|Any CPU.ActiveCfg = Release|Any CPU
		{5618EF9A-6CAF-AA38-6CEF-CEEA6DBBE379}.Release|Any CPU.Build.0 = Release|Any CPU
		{FBE45BBB-E7EC-3899-CF42-94B688A56CEE}.Debug|Any CPU.ActiveCfg = Debug|Any CPU
		{FBE45BBB-E7EC-3899-CF42-94B688A56CEE}.Debug|Any CPU.Build.0 = Debug|Any CPU
		{FBE45BBB-E7EC-3899-CF42-94B688A56CEE}.Release|Any CPU.ActiveCfg = Release|Any CPU
		{FBE45BBB-E7EC-3899-CF42-94B688A56CEE}.Release|Any CPU.Build.0 = Release|Any CPU
		{77570694-2451-52DC-4E33-832755D0721D}.Debug|Any CPU.ActiveCfg = Debug|Any CPU
		{77570694-2451-52DC-4E33-832755D0721D}.Debug|Any CPU.Build.0 = Debug|Any CPU
		{77570694-2451-52DC-4E33-832755D0721D}.Release|Any CPU.ActiveCfg = Release|Any CPU
		{77570694-2451-52DC-4E33-832755D0721D}.Release|Any CPU.Build.0 = Release|Any CPU
		{E057A07C-3720-6421-4C6C-58A2939BD826}.Debug|Any CPU.ActiveCfg = Debug|Any CPU
		{E057A07C-3720-6421-4C6C-58A2939BD826}.Debug|Any CPU.Build.0 = Debug|Any CPU
		{E057A07C-3720-6421-4C6C-58A2939BD826}.Release|Any CPU.ActiveCfg = Release|Any CPU
		{E057A07C-3720-6421-4C6C-58A2939BD826}.Release|Any CPU.Build.0 = Release|Any CPU
		{5B81E633-C25C-6D86-D8C1-AFD208AE042A}.Debug|Any CPU.ActiveCfg = Debug|Any CPU
		{5B81E633-C25C-6D86-D8C1-AFD208AE042A}.Debug|Any CPU.Build.0 = Debug|Any CPU
		{5B81E633-C25C-6D86-D8C1-AFD208AE042A}.Release|Any CPU.ActiveCfg = Release|Any CPU
		{5B81E633-C25C-6D86-D8C1-AFD208AE042A}.Release|Any CPU.Build.0 = Release|Any CPU
		{2EF0636F-A584-C629-361A-C5552F8D5000}.Debug|Any CPU.ActiveCfg = Debug|Any CPU
		{2EF0636F-A584-C629-361A-C5552F8D5000}.Debug|Any CPU.Build.0 = Debug|Any CPU
		{2EF0636F-A584-C629-361A-C5552F8D5000}.Release|Any CPU.ActiveCfg = Release|Any CPU
		{2EF0636F-A584-C629-361A-C5552F8D5000}.Release|Any CPU.Build.0 = Release|Any CPU
		{B7962EEB-0C84-CE16-226B-72B16064EE6D}.Debug|Any CPU.ActiveCfg = Debug|Any CPU
		{B7962EEB-0C84-CE16-226B-72B16064EE6D}.Debug|Any CPU.Build.0 = Debug|Any CPU
		{B7962EEB-0C84-CE16-226B-72B16064EE6D}.Release|Any CPU.ActiveCfg = Release|Any CPU
		{B7962EEB-0C84-CE16-226B-72B16064EE6D}.Release|Any CPU.Build.0 = Release|Any CPU
		{85B2903F-A894-1201-32CA-90A1BADDDEEF}.Debug|Any CPU.ActiveCfg = Debug|Any CPU
		{85B2903F-A894-1201-32CA-90A1BADDDEEF}.Debug|Any CPU.Build.0 = Debug|Any CPU
		{85B2903F-A894-1201-32CA-90A1BADDDEEF}.Release|Any CPU.ActiveCfg = Release|Any CPU
		{85B2903F-A894-1201-32CA-90A1BADDDEEF}.Release|Any CPU.Build.0 = Release|Any CPU
		{739D7A12-2AA8-1447-E50A-8229415047F5}.Debug|Any CPU.ActiveCfg = Debug|Any CPU
		{739D7A12-2AA8-1447-E50A-8229415047F5}.Debug|Any CPU.Build.0 = Debug|Any CPU
		{739D7A12-2AA8-1447-E50A-8229415047F5}.Release|Any CPU.ActiveCfg = Release|Any CPU
		{739D7A12-2AA8-1447-E50A-8229415047F5}.Release|Any CPU.Build.0 = Release|Any CPU
		{F4F8C22A-E817-04D9-88AA-C17CC925504B}.Debug|Any CPU.ActiveCfg = Debug|Any CPU
		{F4F8C22A-E817-04D9-88AA-C17CC925504B}.Debug|Any CPU.Build.0 = Debug|Any CPU
		{F4F8C22A-E817-04D9-88AA-C17CC925504B}.Release|Any CPU.ActiveCfg = Release|Any CPU
		{F4F8C22A-E817-04D9-88AA-C17CC925504B}.Release|Any CPU.Build.0 = Release|Any CPU
		{0A127C76-1874-B518-D644-0D1982648BC8}.Debug|Any CPU.ActiveCfg = Debug|Any CPU
		{0A127C76-1874-B518-D644-0D1982648BC8}.Debug|Any CPU.Build.0 = Debug|Any CPU
		{0A127C76-1874-B518-D644-0D1982648BC8}.Release|Any CPU.ActiveCfg = Release|Any CPU
		{0A127C76-1874-B518-D644-0D1982648BC8}.Release|Any CPU.Build.0 = Release|Any CPU
		{B137E6B2-7FF7-7F17-1B24-B25475DDC6B8}.Debug|Any CPU.ActiveCfg = Debug|Any CPU
		{B137E6B2-7FF7-7F17-1B24-B25475DDC6B8}.Debug|Any CPU.Build.0 = Debug|Any CPU
		{B137E6B2-7FF7-7F17-1B24-B25475DDC6B8}.Release|Any CPU.ActiveCfg = Release|Any CPU
		{B137E6B2-7FF7-7F17-1B24-B25475DDC6B8}.Release|Any CPU.Build.0 = Release|Any CPU
		{2EC8A3FD-BA50-08A1-6EFF-778BF568107F}.Debug|Any CPU.ActiveCfg = Debug|Any CPU
		{2EC8A3FD-BA50-08A1-6EFF-778BF568107F}.Debug|Any CPU.Build.0 = Debug|Any CPU
		{2EC8A3FD-BA50-08A1-6EFF-778BF568107F}.Release|Any CPU.ActiveCfg = Release|Any CPU
		{2EC8A3FD-BA50-08A1-6EFF-778BF568107F}.Release|Any CPU.Build.0 = Release|Any CPU
		{38323442-FEB3-5F2A-82C1-B3244457BA9F}.Debug|Any CPU.ActiveCfg = Debug|Any CPU
		{38323442-FEB3-5F2A-82C1-B3244457BA9F}.Debug|Any CPU.Build.0 = Debug|Any CPU
		{38323442-FEB3-5F2A-82C1-B3244457BA9F}.Release|Any CPU.ActiveCfg = Release|Any CPU
		{38323442-FEB3-5F2A-82C1-B3244457BA9F}.Release|Any CPU.Build.0 = Release|Any CPU
		{75E6ECBF-A7E4-4961-C957-4F277FB3BE9F}.Debug|Any CPU.ActiveCfg = Debug|Any CPU
		{75E6ECBF-A7E4-4961-C957-4F277FB3BE9F}.Debug|Any CPU.Build.0 = Debug|Any CPU
		{75E6ECBF-A7E4-4961-C957-4F277FB3BE9F}.Release|Any CPU.ActiveCfg = Release|Any CPU
		{75E6ECBF-A7E4-4961-C957-4F277FB3BE9F}.Release|Any CPU.Build.0 = Release|Any CPU
		{A0A1F46D-960A-4635-18B4-CF4FDF3D1DAA}.Debug|Any CPU.ActiveCfg = Debug|Any CPU
		{A0A1F46D-960A-4635-18B4-CF4FDF3D1DAA}.Debug|Any CPU.Build.0 = Debug|Any CPU
		{A0A1F46D-960A-4635-18B4-CF4FDF3D1DAA}.Release|Any CPU.ActiveCfg = Release|Any CPU
		{A0A1F46D-960A-4635-18B4-CF4FDF3D1DAA}.Release|Any CPU.Build.0 = Release|Any CPU
		{83A3013A-071B-44CF-50C8-051E1F554067}.Debug|Any CPU.ActiveCfg = Debug|Any CPU
		{83A3013A-071B-44CF-50C8-051E1F554067}.Debug|Any CPU.Build.0 = Debug|Any CPU
		{83A3013A-071B-44CF-50C8-051E1F554067}.Release|Any CPU.ActiveCfg = Release|Any CPU
		{83A3013A-071B-44CF-50C8-051E1F554067}.Release|Any CPU.Build.0 = Release|Any CPU
		{DF0E5F05-8465-B3D6-5C9D-2B6884F80573}.Debug|Any CPU.ActiveCfg = Debug|Any CPU
		{DF0E5F05-8465-B3D6-5C9D-2B6884F80573}.Debug|Any CPU.Build.0 = Debug|Any CPU
		{DF0E5F05-8465-B3D6-5C9D-2B6884F80573}.Release|Any CPU.ActiveCfg = Release|Any CPU
		{DF0E5F05-8465-B3D6-5C9D-2B6884F80573}.Release|Any CPU.Build.0 = Release|Any CPU
		{20534747-C524-1646-3415-68A8223A6B16}.Debug|Any CPU.ActiveCfg = Debug|Any CPU
		{20534747-C524-1646-3415-68A8223A6B16}.Debug|Any CPU.Build.0 = Debug|Any CPU
		{20534747-C524-1646-3415-68A8223A6B16}.Release|Any CPU.ActiveCfg = Release|Any CPU
		{20534747-C524-1646-3415-68A8223A6B16}.Release|Any CPU.Build.0 = Release|Any CPU
		{3BC80168-D1FE-9DA3-B13C-745ED6C5869F}.Debug|Any CPU.ActiveCfg = Debug|Any CPU
		{3BC80168-D1FE-9DA3-B13C-745ED6C5869F}.Debug|Any CPU.Build.0 = Debug|Any CPU
		{3BC80168-D1FE-9DA3-B13C-745ED6C5869F}.Release|Any CPU.ActiveCfg = Release|Any CPU
		{3BC80168-D1FE-9DA3-B13C-745ED6C5869F}.Release|Any CPU.Build.0 = Release|Any CPU
		{1C9E580C-E40C-2BAD-0004-599F65A74907}.Debug|Any CPU.ActiveCfg = Debug|Any CPU
		{1C9E580C-E40C-2BAD-0004-599F65A74907}.Debug|Any CPU.Build.0 = Debug|Any CPU
		{1C9E580C-E40C-2BAD-0004-599F65A74907}.Release|Any CPU.ActiveCfg = Release|Any CPU
		{1C9E580C-E40C-2BAD-0004-599F65A74907}.Release|Any CPU.Build.0 = Release|Any CPU
		{EB143512-A06D-B858-4EA5-801F5A7DB4B1}.Debug|Any CPU.ActiveCfg = Debug|Any CPU
		{EB143512-A06D-B858-4EA5-801F5A7DB4B1}.Debug|Any CPU.Build.0 = Debug|Any CPU
		{EB143512-A06D-B858-4EA5-801F5A7DB4B1}.Release|Any CPU.ActiveCfg = Release|Any CPU
		{EB143512-A06D-B858-4EA5-801F5A7DB4B1}.Release|Any CPU.Build.0 = Release|Any CPU
		{4103EA0A-72BA-75AD-09F4-EA49087187C4}.Debug|Any CPU.ActiveCfg = Debug|Any CPU
		{4103EA0A-72BA-75AD-09F4-EA49087187C4}.Debug|Any CPU.Build.0 = Debug|Any CPU
		{4103EA0A-72BA-75AD-09F4-EA49087187C4}.Release|Any CPU.ActiveCfg = Release|Any CPU
		{4103EA0A-72BA-75AD-09F4-EA49087187C4}.Release|Any CPU.Build.0 = Release|Any CPU
		{E3EDF9D1-E889-38E8-B632-6F1315D35EF5}.Debug|Any CPU.ActiveCfg = Debug|Any CPU
		{E3EDF9D1-E889-38E8-B632-6F1315D35EF5}.Debug|Any CPU.Build.0 = Debug|Any CPU
		{E3EDF9D1-E889-38E8-B632-6F1315D35EF5}.Release|Any CPU.ActiveCfg = Release|Any CPU
		{E3EDF9D1-E889-38E8-B632-6F1315D35EF5}.Release|Any CPU.Build.0 = Release|Any CPU
		{06330E61-DBD9-7E88-33C2-E9F18929B066}.Debug|Any CPU.ActiveCfg = Debug|Any CPU
		{06330E61-DBD9-7E88-33C2-E9F18929B066}.Debug|Any CPU.Build.0 = Debug|Any CPU
		{06330E61-DBD9-7E88-33C2-E9F18929B066}.Release|Any CPU.ActiveCfg = Release|Any CPU
		{06330E61-DBD9-7E88-33C2-E9F18929B066}.Release|Any CPU.Build.0 = Release|Any CPU
		{C4791A42-3307-9615-C584-B35BB976E7DB}.Debug|Any CPU.ActiveCfg = Debug|Any CPU
		{C4791A42-3307-9615-C584-B35BB976E7DB}.Debug|Any CPU.Build.0 = Debug|Any CPU
		{C4791A42-3307-9615-C584-B35BB976E7DB}.Release|Any CPU.ActiveCfg = Release|Any CPU
		{C4791A42-3307-9615-C584-B35BB976E7DB}.Release|Any CPU.Build.0 = Release|Any CPU
		{F7E0EAFC-2B62-1996-FFEA-0ED71FDE7D39}.Debug|Any CPU.ActiveCfg = Debug|Any CPU
		{F7E0EAFC-2B62-1996-FFEA-0ED71FDE7D39}.Debug|Any CPU.Build.0 = Debug|Any CPU
		{F7E0EAFC-2B62-1996-FFEA-0ED71FDE7D39}.Release|Any CPU.ActiveCfg = Release|Any CPU
		{F7E0EAFC-2B62-1996-FFEA-0ED71FDE7D39}.Release|Any CPU.Build.0 = Release|Any CPU
		{50F85514-538E-7F36-CA8F-B30F9FD08F3B}.Debug|Any CPU.ActiveCfg = Debug|Any CPU
		{50F85514-538E-7F36-CA8F-B30F9FD08F3B}.Debug|Any CPU.Build.0 = Debug|Any CPU
		{50F85514-538E-7F36-CA8F-B30F9FD08F3B}.Release|Any CPU.ActiveCfg = Release|Any CPU
		{50F85514-538E-7F36-CA8F-B30F9FD08F3B}.Release|Any CPU.Build.0 = Release|Any CPU
		{24EE48BB-37EE-6A5B-A46B-BB650D38430D}.Debug|Any CPU.ActiveCfg = Debug|Any CPU
		{24EE48BB-37EE-6A5B-A46B-BB650D38430D}.Debug|Any CPU.Build.0 = Debug|Any CPU
		{24EE48BB-37EE-6A5B-A46B-BB650D38430D}.Release|Any CPU.ActiveCfg = Release|Any CPU
		{24EE48BB-37EE-6A5B-A46B-BB650D38430D}.Release|Any CPU.Build.0 = Release|Any CPU
		{1947BEEA-30ED-2651-EA8F-AE2CF71B23BE}.Debug|Any CPU.ActiveCfg = Debug|Any CPU
		{1947BEEA-30ED-2651-EA8F-AE2CF71B23BE}.Debug|Any CPU.Build.0 = Debug|Any CPU
		{1947BEEA-30ED-2651-EA8F-AE2CF71B23BE}.Release|Any CPU.ActiveCfg = Release|Any CPU
		{1947BEEA-30ED-2651-EA8F-AE2CF71B23BE}.Release|Any CPU.Build.0 = Release|Any CPU
		{DFF06BA8-7963-216F-1D06-341ABC572417}.Debug|Any CPU.ActiveCfg = Debug|Any CPU
		{DFF06BA8-7963-216F-1D06-341ABC572417}.Debug|Any CPU.Build.0 = Debug|Any CPU
		{DFF06BA8-7963-216F-1D06-341ABC572417}.Release|Any CPU.ActiveCfg = Release|Any CPU
		{DFF06BA8-7963-216F-1D06-341ABC572417}.Release|Any CPU.Build.0 = Release|Any CPU
		{432B9D05-A24B-46FB-D5B1-92E3358290ED}.Debug|Any CPU.ActiveCfg = Debug|Any CPU
		{432B9D05-A24B-46FB-D5B1-92E3358290ED}.Debug|Any CPU.Build.0 = Debug|Any CPU
		{432B9D05-A24B-46FB-D5B1-92E3358290ED}.Release|Any CPU.ActiveCfg = Release|Any CPU
		{432B9D05-A24B-46FB-D5B1-92E3358290ED}.Release|Any CPU.Build.0 = Release|Any CPU
		{E8943A6A-FBEB-035A-9292-010C233980C9}.Debug|Any CPU.ActiveCfg = Debug|Any CPU
		{E8943A6A-FBEB-035A-9292-010C233980C9}.Debug|Any CPU.Build.0 = Debug|Any CPU
		{E8943A6A-FBEB-035A-9292-010C233980C9}.Release|Any CPU.ActiveCfg = Release|Any CPU
		{E8943A6A-FBEB-035A-9292-010C233980C9}.Release|Any CPU.Build.0 = Release|Any CPU
		{D76BA288-6F36-A95D-37C6-872691640EF2}.Debug|Any CPU.ActiveCfg = Debug|Any CPU
		{D76BA288-6F36-A95D-37C6-872691640EF2}.Debug|Any CPU.Build.0 = Debug|Any CPU
		{D76BA288-6F36-A95D-37C6-872691640EF2}.Release|Any CPU.ActiveCfg = Release|Any CPU
		{D76BA288-6F36-A95D-37C6-872691640EF2}.Release|Any CPU.Build.0 = Release|Any CPU
		{1E19944A-A621-D9F6-5405-4472D60B8C06}.Debug|Any CPU.ActiveCfg = Debug|Any CPU
		{1E19944A-A621-D9F6-5405-4472D60B8C06}.Debug|Any CPU.Build.0 = Debug|Any CPU
		{1E19944A-A621-D9F6-5405-4472D60B8C06}.Release|Any CPU.ActiveCfg = Release|Any CPU
		{1E19944A-A621-D9F6-5405-4472D60B8C06}.Release|Any CPU.Build.0 = Release|Any CPU
		{5BDE3EE9-E428-020D-B855-D4B0F060067F}.Debug|Any CPU.ActiveCfg = Debug|Any CPU
		{5BDE3EE9-E428-020D-B855-D4B0F060067F}.Debug|Any CPU.Build.0 = Debug|Any CPU
		{5BDE3EE9-E428-020D-B855-D4B0F060067F}.Release|Any CPU.ActiveCfg = Release|Any CPU
		{5BDE3EE9-E428-020D-B855-D4B0F060067F}.Release|Any CPU.Build.0 = Release|Any CPU
		{8C071111-0E30-39D3-0C50-F688DFFA36F7}.Debug|Any CPU.ActiveCfg = Debug|Any CPU
		{8C071111-0E30-39D3-0C50-F688DFFA36F7}.Debug|Any CPU.Build.0 = Debug|Any CPU
		{8C071111-0E30-39D3-0C50-F688DFFA36F7}.Release|Any CPU.ActiveCfg = Release|Any CPU
		{8C071111-0E30-39D3-0C50-F688DFFA36F7}.Release|Any CPU.Build.0 = Release|Any CPU
		{938EEE05-F6BD-21F2-19DF-502C422E7E9A}.Debug|Any CPU.ActiveCfg = Debug|Any CPU
		{938EEE05-F6BD-21F2-19DF-502C422E7E9A}.Debug|Any CPU.Build.0 = Debug|Any CPU
		{938EEE05-F6BD-21F2-19DF-502C422E7E9A}.Release|Any CPU.ActiveCfg = Release|Any CPU
		{938EEE05-F6BD-21F2-19DF-502C422E7E9A}.Release|Any CPU.Build.0 = Release|Any CPU
		{5070A51B-7263-A81B-F73C-75BC91BCE6DB}.Debug|Any CPU.ActiveCfg = Debug|Any CPU
		{5070A51B-7263-A81B-F73C-75BC91BCE6DB}.Debug|Any CPU.Build.0 = Debug|Any CPU
		{5070A51B-7263-A81B-F73C-75BC91BCE6DB}.Release|Any CPU.ActiveCfg = Release|Any CPU
		{5070A51B-7263-A81B-F73C-75BC91BCE6DB}.Release|Any CPU.Build.0 = Release|Any CPU
		{5FCE994A-653B-6CE9-AC16-7A55053A289C}.Debug|Any CPU.ActiveCfg = Debug|Any CPU
		{5FCE994A-653B-6CE9-AC16-7A55053A289C}.Debug|Any CPU.Build.0 = Debug|Any CPU
		{5FCE994A-653B-6CE9-AC16-7A55053A289C}.Release|Any CPU.ActiveCfg = Release|Any CPU
		{5FCE994A-653B-6CE9-AC16-7A55053A289C}.Release|Any CPU.Build.0 = Release|Any CPU
		{E2672FE7-6B65-B7D9-E2A0-6FA38CE5A61A}.Debug|Any CPU.ActiveCfg = Debug|Any CPU
		{E2672FE7-6B65-B7D9-E2A0-6FA38CE5A61A}.Debug|Any CPU.Build.0 = Debug|Any CPU
		{E2672FE7-6B65-B7D9-E2A0-6FA38CE5A61A}.Release|Any CPU.ActiveCfg = Release|Any CPU
		{E2672FE7-6B65-B7D9-E2A0-6FA38CE5A61A}.Release|Any CPU.Build.0 = Release|Any CPU
		{91C32C2B-3549-78DD-E199-179AC715F55E}.Debug|Any CPU.ActiveCfg = Debug|Any CPU
		{91C32C2B-3549-78DD-E199-179AC715F55E}.Debug|Any CPU.Build.0 = Debug|Any CPU
		{91C32C2B-3549-78DD-E199-179AC715F55E}.Release|Any CPU.ActiveCfg = Release|Any CPU
		{91C32C2B-3549-78DD-E199-179AC715F55E}.Release|Any CPU.Build.0 = Release|Any CPU
		{FFE3B8A2-B72A-E960-2CD1-37604442AB09}.Debug|Any CPU.ActiveCfg = Debug|Any CPU
		{FFE3B8A2-B72A-E960-2CD1-37604442AB09}.Debug|Any CPU.Build.0 = Debug|Any CPU
		{FFE3B8A2-B72A-E960-2CD1-37604442AB09}.Release|Any CPU.ActiveCfg = Release|Any CPU
		{FFE3B8A2-B72A-E960-2CD1-37604442AB09}.Release|Any CPU.Build.0 = Release|Any CPU
		{E921665C-B3C8-7252-3D63-543E5555AEAC}.Debug|Any CPU.ActiveCfg = Debug|Any CPU
		{E921665C-B3C8-7252-3D63-543E5555AEAC}.Debug|Any CPU.Build.0 = Debug|Any CPU
		{E921665C-B3C8-7252-3D63-543E5555AEAC}.Release|Any CPU.ActiveCfg = Release|Any CPU
		{E921665C-B3C8-7252-3D63-543E5555AEAC}.Release|Any CPU.Build.0 = Release|Any CPU
		{E2FBB974-B146-F576-E0E6-E3851314B2FC}.Debug|Any CPU.ActiveCfg = Debug|Any CPU
		{E2FBB974-B146-F576-E0E6-E3851314B2FC}.Debug|Any CPU.Build.0 = Debug|Any CPU
		{E2FBB974-B146-F576-E0E6-E3851314B2FC}.Release|Any CPU.ActiveCfg = Release|Any CPU
		{E2FBB974-B146-F576-E0E6-E3851314B2FC}.Release|Any CPU.Build.0 = Release|Any CPU
		{95F559B3-B840-25F8-93A8-F4D41B229631}.Debug|Any CPU.ActiveCfg = Debug|Any CPU
		{95F559B3-B840-25F8-93A8-F4D41B229631}.Debug|Any CPU.Build.0 = Debug|Any CPU
		{95F559B3-B840-25F8-93A8-F4D41B229631}.Release|Any CPU.ActiveCfg = Release|Any CPU
		{95F559B3-B840-25F8-93A8-F4D41B229631}.Release|Any CPU.Build.0 = Release|Any CPU
		{598AB03D-AB98-BDA4-4D1B-A20CF184D4B3}.Debug|Any CPU.ActiveCfg = Debug|Any CPU
		{598AB03D-AB98-BDA4-4D1B-A20CF184D4B3}.Debug|Any CPU.Build.0 = Debug|Any CPU
		{598AB03D-AB98-BDA4-4D1B-A20CF184D4B3}.Release|Any CPU.ActiveCfg = Release|Any CPU
		{598AB03D-AB98-BDA4-4D1B-A20CF184D4B3}.Release|Any CPU.Build.0 = Release|Any CPU
		{AD6E89BE-55BC-2A31-1092-890DA32D779D}.Debug|Any CPU.ActiveCfg = Debug|Any CPU
		{AD6E89BE-55BC-2A31-1092-890DA32D779D}.Debug|Any CPU.Build.0 = Debug|Any CPU
		{AD6E89BE-55BC-2A31-1092-890DA32D779D}.Release|Any CPU.ActiveCfg = Release|Any CPU
		{AD6E89BE-55BC-2A31-1092-890DA32D779D}.Release|Any CPU.Build.0 = Release|Any CPU
		{9927CB33-AC26-F46B-4420-349665F5BEB7}.Debug|Any CPU.ActiveCfg = Debug|Any CPU
		{9927CB33-AC26-F46B-4420-349665F5BEB7}.Debug|Any CPU.Build.0 = Debug|Any CPU
		{9927CB33-AC26-F46B-4420-349665F5BEB7}.Release|Any CPU.ActiveCfg = Release|Any CPU
		{9927CB33-AC26-F46B-4420-349665F5BEB7}.Release|Any CPU.Build.0 = Release|Any CPU
		{CCBC036C-40A7-C0E7-E4C1-316B105286B5}.Debug|Any CPU.ActiveCfg = Debug|Any CPU
		{CCBC036C-40A7-C0E7-E4C1-316B105286B5}.Debug|Any CPU.Build.0 = Debug|Any CPU
		{CCBC036C-40A7-C0E7-E4C1-316B105286B5}.Release|Any CPU.ActiveCfg = Release|Any CPU
		{CCBC036C-40A7-C0E7-E4C1-316B105286B5}.Release|Any CPU.Build.0 = Release|Any CPU
		{34F5E54D-4449-F82C-7B13-9AB590C7303B}.Debug|Any CPU.ActiveCfg = Debug|Any CPU
		{34F5E54D-4449-F82C-7B13-9AB590C7303B}.Debug|Any CPU.Build.0 = Debug|Any CPU
		{34F5E54D-4449-F82C-7B13-9AB590C7303B}.Release|Any CPU.ActiveCfg = Release|Any CPU
		{34F5E54D-4449-F82C-7B13-9AB590C7303B}.Release|Any CPU.Build.0 = Release|Any CPU
		{FFD1C587-AEB6-6A29-DCB6-0F33EE19F9FB}.Debug|Any CPU.ActiveCfg = Debug|Any CPU
		{FFD1C587-AEB6-6A29-DCB6-0F33EE19F9FB}.Debug|Any CPU.Build.0 = Debug|Any CPU
		{FFD1C587-AEB6-6A29-DCB6-0F33EE19F9FB}.Release|Any CPU.ActiveCfg = Release|Any CPU
		{FFD1C587-AEB6-6A29-DCB6-0F33EE19F9FB}.Release|Any CPU.Build.0 = Release|Any CPU
		{E1A69F82-7BC4-6055-FA95-5FEF1B05E510}.Debug|Any CPU.ActiveCfg = Debug|Any CPU
		{E1A69F82-7BC4-6055-FA95-5FEF1B05E510}.Debug|Any CPU.Build.0 = Debug|Any CPU
		{E1A69F82-7BC4-6055-FA95-5FEF1B05E510}.Release|Any CPU.ActiveCfg = Release|Any CPU
		{E1A69F82-7BC4-6055-FA95-5FEF1B05E510}.Release|Any CPU.Build.0 = Release|Any CPU
		{1E5F747C-94C9-06A4-6612-5CA3394AC64D}.Debug|Any CPU.ActiveCfg = Debug|Any CPU
		{1E5F747C-94C9-06A4-6612-5CA3394AC64D}.Debug|Any CPU.Build.0 = Debug|Any CPU
		{1E5F747C-94C9-06A4-6612-5CA3394AC64D}.Release|Any CPU.ActiveCfg = Release|Any CPU
		{1E5F747C-94C9-06A4-6612-5CA3394AC64D}.Release|Any CPU.Build.0 = Release|Any CPU
		{331FD2A3-98B8-3E13-A9BE-374B59068D1F}.Debug|Any CPU.ActiveCfg = Debug|Any CPU
		{331FD2A3-98B8-3E13-A9BE-374B59068D1F}.Debug|Any CPU.Build.0 = Debug|Any CPU
		{331FD2A3-98B8-3E13-A9BE-374B59068D1F}.Release|Any CPU.ActiveCfg = Release|Any CPU
		{331FD2A3-98B8-3E13-A9BE-374B59068D1F}.Release|Any CPU.Build.0 = Release|Any CPU
		{8CFB0E01-3757-DB5F-71E0-75F9B44339B3}.Debug|Any CPU.ActiveCfg = Debug|Any CPU
		{8CFB0E01-3757-DB5F-71E0-75F9B44339B3}.Debug|Any CPU.Build.0 = Debug|Any CPU
		{8CFB0E01-3757-DB5F-71E0-75F9B44339B3}.Release|Any CPU.ActiveCfg = Release|Any CPU
		{8CFB0E01-3757-DB5F-71E0-75F9B44339B3}.Release|Any CPU.Build.0 = Release|Any CPU
		{705D2090-3915-8A7E-AA33-6572F4ED6B84}.Debug|Any CPU.ActiveCfg = Debug|Any CPU
		{705D2090-3915-8A7E-AA33-6572F4ED6B84}.Debug|Any CPU.Build.0 = Debug|Any CPU
		{705D2090-3915-8A7E-AA33-6572F4ED6B84}.Release|Any CPU.ActiveCfg = Release|Any CPU
		{705D2090-3915-8A7E-AA33-6572F4ED6B84}.Release|Any CPU.Build.0 = Release|Any CPU
		{E73DE878-C06E-CC7D-592F-2243576122A9}.Debug|Any CPU.ActiveCfg = Debug|Any CPU
		{E73DE878-C06E-CC7D-592F-2243576122A9}.Debug|Any CPU.Build.0 = Debug|Any CPU
		{E73DE878-C06E-CC7D-592F-2243576122A9}.Release|Any CPU.ActiveCfg = Release|Any CPU
		{E73DE878-C06E-CC7D-592F-2243576122A9}.Release|Any CPU.Build.0 = Release|Any CPU
		{AC033D22-1329-AB9B-D908-DCD5A8023EDA}.Debug|Any CPU.ActiveCfg = Debug|Any CPU
		{AC033D22-1329-AB9B-D908-DCD5A8023EDA}.Debug|Any CPU.Build.0 = Debug|Any CPU
		{AC033D22-1329-AB9B-D908-DCD5A8023EDA}.Release|Any CPU.ActiveCfg = Release|Any CPU
		{AC033D22-1329-AB9B-D908-DCD5A8023EDA}.Release|Any CPU.Build.0 = Release|Any CPU
		{8C0471AB-7042-CF7F-8B2C-5EA6630494CC}.Debug|Any CPU.ActiveCfg = Debug|Any CPU
		{8C0471AB-7042-CF7F-8B2C-5EA6630494CC}.Debug|Any CPU.Build.0 = Debug|Any CPU
		{8C0471AB-7042-CF7F-8B2C-5EA6630494CC}.Release|Any CPU.ActiveCfg = Release|Any CPU
		{8C0471AB-7042-CF7F-8B2C-5EA6630494CC}.Release|Any CPU.Build.0 = Release|Any CPU
		{E593B461-701F-87DE-7F8C-830CE553060F}.Debug|Any CPU.ActiveCfg = Debug|Any CPU
		{E593B461-701F-87DE-7F8C-830CE553060F}.Debug|Any CPU.Build.0 = Debug|Any CPU
		{E593B461-701F-87DE-7F8C-830CE553060F}.Release|Any CPU.ActiveCfg = Release|Any CPU
		{E593B461-701F-87DE-7F8C-830CE553060F}.Release|Any CPU.Build.0 = Release|Any CPU
		{74474F2D-3EB5-62CB-439F-D51E657BF4A5}.Debug|Any CPU.ActiveCfg = Debug|Any CPU
		{74474F2D-3EB5-62CB-439F-D51E657BF4A5}.Debug|Any CPU.Build.0 = Debug|Any CPU
		{74474F2D-3EB5-62CB-439F-D51E657BF4A5}.Release|Any CPU.ActiveCfg = Release|Any CPU
		{74474F2D-3EB5-62CB-439F-D51E657BF4A5}.Release|Any CPU.Build.0 = Release|Any CPU
		{40973732-125F-C037-954C-41F267CFD4E5}.Debug|Any CPU.ActiveCfg = Debug|Any CPU
		{40973732-125F-C037-954C-41F267CFD4E5}.Debug|Any CPU.Build.0 = Debug|Any CPU
		{40973732-125F-C037-954C-41F267CFD4E5}.Release|Any CPU.ActiveCfg = Release|Any CPU
		{40973732-125F-C037-954C-41F267CFD4E5}.Release|Any CPU.Build.0 = Release|Any CPU
		{DBA4B512-3F49-2AD4-659C-11D3293E59B4}.Debug|Any CPU.ActiveCfg = Debug|Any CPU
		{DBA4B512-3F49-2AD4-659C-11D3293E59B4}.Debug|Any CPU.Build.0 = Debug|Any CPU
		{DBA4B512-3F49-2AD4-659C-11D3293E59B4}.Release|Any CPU.ActiveCfg = Release|Any CPU
		{DBA4B512-3F49-2AD4-659C-11D3293E59B4}.Release|Any CPU.Build.0 = Release|Any CPU
		{11D9E71D-9D3D-4F63-0783-4BBE1B3009A1}.Debug|Any CPU.ActiveCfg = Debug|Any CPU
		{11D9E71D-9D3D-4F63-0783-4BBE1B3009A1}.Debug|Any CPU.Build.0 = Debug|Any CPU
		{11D9E71D-9D3D-4F63-0783-4BBE1B3009A1}.Release|Any CPU.ActiveCfg = Release|Any CPU
		{11D9E71D-9D3D-4F63-0783-4BBE1B3009A1}.Release|Any CPU.Build.0 = Release|Any CPU
		{E7EEDD8E-957B-C250-7550-85C8F0028BF0}.Debug|Any CPU.ActiveCfg = Debug|Any CPU
		{E7EEDD8E-957B-C250-7550-85C8F0028BF0}.Debug|Any CPU.Build.0 = Debug|Any CPU
		{E7EEDD8E-957B-C250-7550-85C8F0028BF0}.Release|Any CPU.ActiveCfg = Release|Any CPU
		{E7EEDD8E-957B-C250-7550-85C8F0028BF0}.Release|Any CPU.Build.0 = Release|Any CPU
		{FB6048BB-0F23-3CE3-DA28-5DE5D2B3F964}.Debug|Any CPU.ActiveCfg = Debug|Any CPU
		{FB6048BB-0F23-3CE3-DA28-5DE5D2B3F964}.Debug|Any CPU.Build.0 = Debug|Any CPU
		{FB6048BB-0F23-3CE3-DA28-5DE5D2B3F964}.Release|Any CPU.ActiveCfg = Release|Any CPU
		{FB6048BB-0F23-3CE3-DA28-5DE5D2B3F964}.Release|Any CPU.Build.0 = Release|Any CPU
		{5C9963A1-3E76-C2D0-6074-377BEF776A44}.Debug|Any CPU.ActiveCfg = Debug|Any CPU
		{5C9963A1-3E76-C2D0-6074-377BEF776A44}.Debug|Any CPU.Build.0 = Debug|Any CPU
		{5C9963A1-3E76-C2D0-6074-377BEF776A44}.Release|Any CPU.ActiveCfg = Release|Any CPU
		{5C9963A1-3E76-C2D0-6074-377BEF776A44}.Release|Any CPU.Build.0 = Release|Any CPU
		{B0303569-DA74-D22E-0215-2DF98DECAB86}.Debug|Any CPU.ActiveCfg = Debug|Any CPU
		{B0303569-DA74-D22E-0215-2DF98DECAB86}.Debug|Any CPU.Build.0 = Debug|Any CPU
		{B0303569-DA74-D22E-0215-2DF98DECAB86}.Release|Any CPU.ActiveCfg = Release|Any CPU
		{B0303569-DA74-D22E-0215-2DF98DECAB86}.Release|Any CPU.Build.0 = Release|Any CPU
		{8519455D-95CD-03BB-18A6-FF88356F4D67}.Debug|Any CPU.ActiveCfg = Debug|Any CPU
		{8519455D-95CD-03BB-18A6-FF88356F4D67}.Debug|Any CPU.Build.0 = Debug|Any CPU
		{8519455D-95CD-03BB-18A6-FF88356F4D67}.Release|Any CPU.ActiveCfg = Release|Any CPU
		{8519455D-95CD-03BB-18A6-FF88356F4D67}.Release|Any CPU.Build.0 = Release|Any CPU
		{5405FB94-A369-8F3E-160F-3C4000EAD376}.Debug|Any CPU.ActiveCfg = Debug|Any CPU
		{5405FB94-A369-8F3E-160F-3C4000EAD376}.Debug|Any CPU.Build.0 = Debug|Any CPU
		{5405FB94-A369-8F3E-160F-3C4000EAD376}.Release|Any CPU.ActiveCfg = Release|Any CPU
		{5405FB94-A369-8F3E-160F-3C4000EAD376}.Release|Any CPU.Build.0 = Release|Any CPU
		{9F1498D1-C41C-71FD-CF94-A09D3BC1D253}.Debug|Any CPU.ActiveCfg = Debug|Any CPU
		{9F1498D1-C41C-71FD-CF94-A09D3BC1D253}.Debug|Any CPU.Build.0 = Debug|Any CPU
		{9F1498D1-C41C-71FD-CF94-A09D3BC1D253}.Release|Any CPU.ActiveCfg = Release|Any CPU
		{9F1498D1-C41C-71FD-CF94-A09D3BC1D253}.Release|Any CPU.Build.0 = Release|Any CPU
		{8592C0AB-08D7-AA7A-F524-F527322E4637}.Debug|Any CPU.ActiveCfg = Debug|Any CPU
		{8592C0AB-08D7-AA7A-F524-F527322E4637}.Debug|Any CPU.Build.0 = Debug|Any CPU
		{8592C0AB-08D7-AA7A-F524-F527322E4637}.Release|Any CPU.ActiveCfg = Release|Any CPU
		{8592C0AB-08D7-AA7A-F524-F527322E4637}.Release|Any CPU.Build.0 = Release|Any CPU
		{F4EFF43E-3B0E-5F66-1A48-7242AE516606}.Debug|Any CPU.ActiveCfg = Debug|Any CPU
		{F4EFF43E-3B0E-5F66-1A48-7242AE516606}.Debug|Any CPU.Build.0 = Debug|Any CPU
		{F4EFF43E-3B0E-5F66-1A48-7242AE516606}.Release|Any CPU.ActiveCfg = Release|Any CPU
		{F4EFF43E-3B0E-5F66-1A48-7242AE516606}.Release|Any CPU.Build.0 = Release|Any CPU
		{115EF7A4-4F6A-3013-617F-8EB099A0FA0A}.Debug|Any CPU.ActiveCfg = Debug|Any CPU
		{115EF7A4-4F6A-3013-617F-8EB099A0FA0A}.Debug|Any CPU.Build.0 = Debug|Any CPU
		{115EF7A4-4F6A-3013-617F-8EB099A0FA0A}.Release|Any CPU.ActiveCfg = Release|Any CPU
		{115EF7A4-4F6A-3013-617F-8EB099A0FA0A}.Release|Any CPU.Build.0 = Release|Any CPU
		{1B5C1113-05AE-8F4F-FBCF-703B9F927E1C}.Debug|Any CPU.ActiveCfg = Debug|Any CPU
		{1B5C1113-05AE-8F4F-FBCF-703B9F927E1C}.Debug|Any CPU.Build.0 = Debug|Any CPU
		{1B5C1113-05AE-8F4F-FBCF-703B9F927E1C}.Release|Any CPU.ActiveCfg = Release|Any CPU
		{1B5C1113-05AE-8F4F-FBCF-703B9F927E1C}.Release|Any CPU.Build.0 = Release|Any CPU
		{82C48D23-9712-F30A-723D-37D426ECD944}.Debug|Any CPU.ActiveCfg = Debug|Any CPU
		{82C48D23-9712-F30A-723D-37D426ECD944}.Debug|Any CPU.Build.0 = Debug|Any CPU
		{82C48D23-9712-F30A-723D-37D426ECD944}.Release|Any CPU.ActiveCfg = Release|Any CPU
		{82C48D23-9712-F30A-723D-37D426ECD944}.Release|Any CPU.Build.0 = Release|Any CPU
		{F9819314-73A3-D16B-A6B0-DABCC48C83B2}.Debug|Any CPU.ActiveCfg = Debug|Any CPU
		{F9819314-73A3-D16B-A6B0-DABCC48C83B2}.Debug|Any CPU.Build.0 = Debug|Any CPU
		{F9819314-73A3-D16B-A6B0-DABCC48C83B2}.Release|Any CPU.ActiveCfg = Release|Any CPU
		{F9819314-73A3-D16B-A6B0-DABCC48C83B2}.Release|Any CPU.Build.0 = Release|Any CPU
		{983F08E4-F6D1-23AB-87DD-9FA2516DC381}.Debug|Any CPU.ActiveCfg = Debug|Any CPU
		{983F08E4-F6D1-23AB-87DD-9FA2516DC381}.Debug|Any CPU.Build.0 = Debug|Any CPU
		{983F08E4-F6D1-23AB-87DD-9FA2516DC381}.Release|Any CPU.ActiveCfg = Release|Any CPU
		{983F08E4-F6D1-23AB-87DD-9FA2516DC381}.Release|Any CPU.Build.0 = Release|Any CPU
		{94BD4FA3-B078-85C1-E8E3-925EAD60E25E}.Debug|Any CPU.ActiveCfg = Debug|Any CPU
		{94BD4FA3-B078-85C1-E8E3-925EAD60E25E}.Debug|Any CPU.Build.0 = Debug|Any CPU
		{94BD4FA3-B078-85C1-E8E3-925EAD60E25E}.Release|Any CPU.ActiveCfg = Release|Any CPU
		{94BD4FA3-B078-85C1-E8E3-925EAD60E25E}.Release|Any CPU.Build.0 = Release|Any CPU
		{0C15A29C-4806-1B7F-F39E-B8811D274AC0}.Debug|Any CPU.ActiveCfg = Debug|Any CPU
		{0C15A29C-4806-1B7F-F39E-B8811D274AC0}.Debug|Any CPU.Build.0 = Debug|Any CPU
		{0C15A29C-4806-1B7F-F39E-B8811D274AC0}.Release|Any CPU.ActiveCfg = Release|Any CPU
		{0C15A29C-4806-1B7F-F39E-B8811D274AC0}.Release|Any CPU.Build.0 = Release|Any CPU
		{A66772FA-E8F8-7EDC-FF8C-6F3C1B077B61}.Debug|Any CPU.ActiveCfg = Debug|Any CPU
		{A66772FA-E8F8-7EDC-FF8C-6F3C1B077B61}.Debug|Any CPU.Build.0 = Debug|Any CPU
		{A66772FA-E8F8-7EDC-FF8C-6F3C1B077B61}.Release|Any CPU.ActiveCfg = Release|Any CPU
		{A66772FA-E8F8-7EDC-FF8C-6F3C1B077B61}.Release|Any CPU.Build.0 = Release|Any CPU
		{284EB457-DBF7-99C5-39D5-BDB1DADCEAD2}.Debug|Any CPU.ActiveCfg = Debug|Any CPU
		{284EB457-DBF7-99C5-39D5-BDB1DADCEAD2}.Debug|Any CPU.Build.0 = Debug|Any CPU
		{284EB457-DBF7-99C5-39D5-BDB1DADCEAD2}.Release|Any CPU.ActiveCfg = Release|Any CPU
		{284EB457-DBF7-99C5-39D5-BDB1DADCEAD2}.Release|Any CPU.Build.0 = Release|Any CPU
		{B6185227-6E50-CC36-55F2-952BBBC82020}.Debug|Any CPU.ActiveCfg = Debug|Any CPU
		{B6185227-6E50-CC36-55F2-952BBBC82020}.Debug|Any CPU.Build.0 = Debug|Any CPU
		{B6185227-6E50-CC36-55F2-952BBBC82020}.Release|Any CPU.ActiveCfg = Release|Any CPU
		{B6185227-6E50-CC36-55F2-952BBBC82020}.Release|Any CPU.Build.0 = Release|Any CPU
		{EB05D637-1AA9-42FB-5E81-8634D7B99329}.Debug|Any CPU.ActiveCfg = Debug|Any CPU
		{EB05D637-1AA9-42FB-5E81-8634D7B99329}.Debug|Any CPU.Build.0 = Debug|Any CPU
		{EB05D637-1AA9-42FB-5E81-8634D7B99329}.Release|Any CPU.ActiveCfg = Release|Any CPU
		{EB05D637-1AA9-42FB-5E81-8634D7B99329}.Release|Any CPU.Build.0 = Release|Any CPU
		{C9F79E9C-7623-79F9-913E-9F60A78DF4E3}.Debug|Any CPU.ActiveCfg = Debug|Any CPU
		{C9F79E9C-7623-79F9-913E-9F60A78DF4E3}.Debug|Any CPU.Build.0 = Debug|Any CPU
		{C9F79E9C-7623-79F9-913E-9F60A78DF4E3}.Release|Any CPU.ActiveCfg = Release|Any CPU
		{C9F79E9C-7623-79F9-913E-9F60A78DF4E3}.Release|Any CPU.Build.0 = Release|Any CPU
		{3653BD27-7AE1-5177-6E58-ECB3634D9CEF}.Debug|Any CPU.ActiveCfg = Debug|Any CPU
		{3653BD27-7AE1-5177-6E58-ECB3634D9CEF}.Debug|Any CPU.Build.0 = Debug|Any CPU
		{3653BD27-7AE1-5177-6E58-ECB3634D9CEF}.Release|Any CPU.ActiveCfg = Release|Any CPU
		{3653BD27-7AE1-5177-6E58-ECB3634D9CEF}.Release|Any CPU.Build.0 = Release|Any CPU
		{93FB3597-B3AB-F5FA-17DA-847298D01A56}.Debug|Any CPU.ActiveCfg = Debug|Any CPU
		{93FB3597-B3AB-F5FA-17DA-847298D01A56}.Debug|Any CPU.Build.0 = Debug|Any CPU
		{93FB3597-B3AB-F5FA-17DA-847298D01A56}.Release|Any CPU.ActiveCfg = Release|Any CPU
		{93FB3597-B3AB-F5FA-17DA-847298D01A56}.Release|Any CPU.Build.0 = Release|Any CPU
		{0E8031A5-D93D-E0FD-0187-CFEDDBEA23A6}.Debug|Any CPU.ActiveCfg = Debug|Any CPU
		{0E8031A5-D93D-E0FD-0187-CFEDDBEA23A6}.Debug|Any CPU.Build.0 = Debug|Any CPU
		{0E8031A5-D93D-E0FD-0187-CFEDDBEA23A6}.Release|Any CPU.ActiveCfg = Release|Any CPU
		{0E8031A5-D93D-E0FD-0187-CFEDDBEA23A6}.Release|Any CPU.Build.0 = Release|Any CPU
		{B9A96E47-66FE-32B4-C3A2-852982D751D2}.Debug|Any CPU.ActiveCfg = Debug|Any CPU
		{B9A96E47-66FE-32B4-C3A2-852982D751D2}.Debug|Any CPU.Build.0 = Debug|Any CPU
		{B9A96E47-66FE-32B4-C3A2-852982D751D2}.Release|Any CPU.ActiveCfg = Release|Any CPU
		{B9A96E47-66FE-32B4-C3A2-852982D751D2}.Release|Any CPU.Build.0 = Release|Any CPU
		{7D32E9CC-E12D-A369-11B7-D2736DF9CC90}.Debug|Any CPU.ActiveCfg = Debug|Any CPU
		{7D32E9CC-E12D-A369-11B7-D2736DF9CC90}.Debug|Any CPU.Build.0 = Debug|Any CPU
		{7D32E9CC-E12D-A369-11B7-D2736DF9CC90}.Release|Any CPU.ActiveCfg = Release|Any CPU
		{7D32E9CC-E12D-A369-11B7-D2736DF9CC90}.Release|Any CPU.Build.0 = Release|Any CPU
		{953662A2-092F-6FB6-377F-076B453B9145}.Debug|Any CPU.ActiveCfg = Debug|Any CPU
		{953662A2-092F-6FB6-377F-076B453B9145}.Debug|Any CPU.Build.0 = Debug|Any CPU
		{953662A2-092F-6FB6-377F-076B453B9145}.Release|Any CPU.ActiveCfg = Release|Any CPU
		{953662A2-092F-6FB6-377F-076B453B9145}.Release|Any CPU.Build.0 = Release|Any CPU
		{F7241695-1575-BF66-47C2-62B7E39E7579}.Debug|Any CPU.ActiveCfg = Debug|Any CPU
		{F7241695-1575-BF66-47C2-62B7E39E7579}.Debug|Any CPU.Build.0 = Debug|Any CPU
		{F7241695-1575-BF66-47C2-62B7E39E7579}.Release|Any CPU.ActiveCfg = Release|Any CPU
		{F7241695-1575-BF66-47C2-62B7E39E7579}.Release|Any CPU.Build.0 = Release|Any CPU
		{767FAC63-43F0-5358-AFC4-E9A8DC20E071}.Debug|Any CPU.ActiveCfg = Debug|Any CPU
		{767FAC63-43F0-5358-AFC4-E9A8DC20E071}.Debug|Any CPU.Build.0 = Debug|Any CPU
		{767FAC63-43F0-5358-AFC4-E9A8DC20E071}.Release|Any CPU.ActiveCfg = Release|Any CPU
		{767FAC63-43F0-5358-AFC4-E9A8DC20E071}.Release|Any CPU.Build.0 = Release|Any CPU
		{242823D1-65BE-9DA6-0A08-CC5B7455D5FC}.Debug|Any CPU.ActiveCfg = Debug|Any CPU
		{242823D1-65BE-9DA6-0A08-CC5B7455D5FC}.Debug|Any CPU.Build.0 = Debug|Any CPU
		{242823D1-65BE-9DA6-0A08-CC5B7455D5FC}.Release|Any CPU.ActiveCfg = Release|Any CPU
		{242823D1-65BE-9DA6-0A08-CC5B7455D5FC}.Release|Any CPU.Build.0 = Release|Any CPU
		{9FBE29CF-2D00-A673-33B5-B6DA4255B66F}.Debug|Any CPU.ActiveCfg = Debug|Any CPU
		{9FBE29CF-2D00-A673-33B5-B6DA4255B66F}.Debug|Any CPU.Build.0 = Debug|Any CPU
		{9FBE29CF-2D00-A673-33B5-B6DA4255B66F}.Release|Any CPU.ActiveCfg = Release|Any CPU
		{9FBE29CF-2D00-A673-33B5-B6DA4255B66F}.Release|Any CPU.Build.0 = Release|Any CPU
		{B3B92E04-B631-3615-BC44-81DDD73E1351}.Debug|Any CPU.ActiveCfg = Debug|Any CPU
		{B3B92E04-B631-3615-BC44-81DDD73E1351}.Debug|Any CPU.Build.0 = Debug|Any CPU
		{B3B92E04-B631-3615-BC44-81DDD73E1351}.Release|Any CPU.ActiveCfg = Release|Any CPU
		{B3B92E04-B631-3615-BC44-81DDD73E1351}.Release|Any CPU.Build.0 = Release|Any CPU
		{BDE11D14-3610-1B24-E76B-1626BB5EA95B}.Debug|Any CPU.ActiveCfg = Debug|Any CPU
		{BDE11D14-3610-1B24-E76B-1626BB5EA95B}.Debug|Any CPU.Build.0 = Debug|Any CPU
		{BDE11D14-3610-1B24-E76B-1626BB5EA95B}.Release|Any CPU.ActiveCfg = Release|Any CPU
		{BDE11D14-3610-1B24-E76B-1626BB5EA95B}.Release|Any CPU.Build.0 = Release|Any CPU
		{B349FE13-553A-431E-350E-DF1E9E3163F5}.Debug|Any CPU.ActiveCfg = Debug|Any CPU
		{B349FE13-553A-431E-350E-DF1E9E3163F5}.Debug|Any CPU.Build.0 = Debug|Any CPU
		{B349FE13-553A-431E-350E-DF1E9E3163F5}.Release|Any CPU.ActiveCfg = Release|Any CPU
		{B349FE13-553A-431E-350E-DF1E9E3163F5}.Release|Any CPU.Build.0 = Release|Any CPU
		{FF1D751E-B0BF-FB55-B6A9-8BC07517C9B8}.Debug|Any CPU.ActiveCfg = Debug|Any CPU
		{FF1D751E-B0BF-FB55-B6A9-8BC07517C9B8}.Debug|Any CPU.Build.0 = Debug|Any CPU
		{FF1D751E-B0BF-FB55-B6A9-8BC07517C9B8}.Release|Any CPU.ActiveCfg = Release|Any CPU
		{FF1D751E-B0BF-FB55-B6A9-8BC07517C9B8}.Release|Any CPU.Build.0 = Release|Any CPU
		{5C474232-85CD-A660-39A1-F85C1F707EA9}.Debug|Any CPU.ActiveCfg = Debug|Any CPU
		{5C474232-85CD-A660-39A1-F85C1F707EA9}.Debug|Any CPU.Build.0 = Debug|Any CPU
		{5C474232-85CD-A660-39A1-F85C1F707EA9}.Release|Any CPU.ActiveCfg = Release|Any CPU
		{5C474232-85CD-A660-39A1-F85C1F707EA9}.Release|Any CPU.Build.0 = Release|Any CPU
		{504287A7-C340-F717-6FBC-EFFDC48D1826}.Debug|Any CPU.ActiveCfg = Debug|Any CPU
		{504287A7-C340-F717-6FBC-EFFDC48D1826}.Debug|Any CPU.Build.0 = Debug|Any CPU
		{504287A7-C340-F717-6FBC-EFFDC48D1826}.Release|Any CPU.ActiveCfg = Release|Any CPU
		{504287A7-C340-F717-6FBC-EFFDC48D1826}.Release|Any CPU.Build.0 = Release|Any CPU
		{94C7CB41-4B80-B770-6C82-2C8108E08C4D}.Debug|Any CPU.ActiveCfg = Debug|Any CPU
		{94C7CB41-4B80-B770-6C82-2C8108E08C4D}.Debug|Any CPU.Build.0 = Debug|Any CPU
		{94C7CB41-4B80-B770-6C82-2C8108E08C4D}.Release|Any CPU.ActiveCfg = Release|Any CPU
		{94C7CB41-4B80-B770-6C82-2C8108E08C4D}.Release|Any CPU.Build.0 = Release|Any CPU
		{A7068163-6E4E-5C3F-5704-F3EFD0FC1E3C}.Debug|Any CPU.ActiveCfg = Debug|Any CPU
		{A7068163-6E4E-5C3F-5704-F3EFD0FC1E3C}.Debug|Any CPU.Build.0 = Debug|Any CPU
		{A7068163-6E4E-5C3F-5704-F3EFD0FC1E3C}.Release|Any CPU.ActiveCfg = Release|Any CPU
		{A7068163-6E4E-5C3F-5704-F3EFD0FC1E3C}.Release|Any CPU.Build.0 = Release|Any CPU
		{EA6496A4-A514-4402-01FE-B161F6E4994F}.Debug|Any CPU.ActiveCfg = Debug|Any CPU
		{EA6496A4-A514-4402-01FE-B161F6E4994F}.Debug|Any CPU.Build.0 = Debug|Any CPU
		{EA6496A4-A514-4402-01FE-B161F6E4994F}.Release|Any CPU.ActiveCfg = Release|Any CPU
		{EA6496A4-A514-4402-01FE-B161F6E4994F}.Release|Any CPU.Build.0 = Release|Any CPU
		{4FF8D203-A6AD-6508-727C-753A275B3BE2}.Debug|Any CPU.ActiveCfg = Debug|Any CPU
		{4FF8D203-A6AD-6508-727C-753A275B3BE2}.Debug|Any CPU.Build.0 = Debug|Any CPU
		{4FF8D203-A6AD-6508-727C-753A275B3BE2}.Release|Any CPU.ActiveCfg = Release|Any CPU
		{4FF8D203-A6AD-6508-727C-753A275B3BE2}.Release|Any CPU.Build.0 = Release|Any CPU
		{C231BDF6-2330-3D4C-EF28-334E56632ADD}.Debug|Any CPU.ActiveCfg = Debug|Any CPU
		{C231BDF6-2330-3D4C-EF28-334E56632ADD}.Debug|Any CPU.Build.0 = Debug|Any CPU
		{C231BDF6-2330-3D4C-EF28-334E56632ADD}.Release|Any CPU.ActiveCfg = Release|Any CPU
		{C231BDF6-2330-3D4C-EF28-334E56632ADD}.Release|Any CPU.Build.0 = Release|Any CPU
		{C23D59C6-019A-8419-0C48-E05B816006E5}.Debug|Any CPU.ActiveCfg = Debug|Any CPU
		{C23D59C6-019A-8419-0C48-E05B816006E5}.Debug|Any CPU.Build.0 = Debug|Any CPU
		{C23D59C6-019A-8419-0C48-E05B816006E5}.Release|Any CPU.ActiveCfg = Release|Any CPU
		{C23D59C6-019A-8419-0C48-E05B816006E5}.Release|Any CPU.Build.0 = Release|Any CPU
		{81C34AAD-44DB-78A0-5211-31B25790DC2F}.Debug|Any CPU.ActiveCfg = Debug|Any CPU
		{81C34AAD-44DB-78A0-5211-31B25790DC2F}.Debug|Any CPU.Build.0 = Debug|Any CPU
		{81C34AAD-44DB-78A0-5211-31B25790DC2F}.Release|Any CPU.ActiveCfg = Release|Any CPU
		{81C34AAD-44DB-78A0-5211-31B25790DC2F}.Release|Any CPU.Build.0 = Release|Any CPU
		{679DB41E-AF77-A831-27B8-C5C85109C9A8}.Debug|Any CPU.ActiveCfg = Debug|Any CPU
		{679DB41E-AF77-A831-27B8-C5C85109C9A8}.Debug|Any CPU.Build.0 = Debug|Any CPU
		{679DB41E-AF77-A831-27B8-C5C85109C9A8}.Release|Any CPU.ActiveCfg = Release|Any CPU
		{679DB41E-AF77-A831-27B8-C5C85109C9A8}.Release|Any CPU.Build.0 = Release|Any CPU
		{C2F09843-1755-329A-758F-640FFFBE3A63}.Debug|Any CPU.ActiveCfg = Debug|Any CPU
		{C2F09843-1755-329A-758F-640FFFBE3A63}.Debug|Any CPU.Build.0 = Debug|Any CPU
		{C2F09843-1755-329A-758F-640FFFBE3A63}.Release|Any CPU.ActiveCfg = Release|Any CPU
		{C2F09843-1755-329A-758F-640FFFBE3A63}.Release|Any CPU.Build.0 = Release|Any CPU
		{B3F1B908-D459-F01F-AE16-365444B53E02}.Debug|Any CPU.ActiveCfg = Debug|Any CPU
		{B3F1B908-D459-F01F-AE16-365444B53E02}.Debug|Any CPU.Build.0 = Debug|Any CPU
		{B3F1B908-D459-F01F-AE16-365444B53E02}.Release|Any CPU.ActiveCfg = Release|Any CPU
		{B3F1B908-D459-F01F-AE16-365444B53E02}.Release|Any CPU.Build.0 = Release|Any CPU
		{8EC10995-F491-1832-4354-D15ABAD8F5E9}.Debug|Any CPU.ActiveCfg = Debug|Any CPU
		{8EC10995-F491-1832-4354-D15ABAD8F5E9}.Debug|Any CPU.Build.0 = Debug|Any CPU
		{8EC10995-F491-1832-4354-D15ABAD8F5E9}.Release|Any CPU.ActiveCfg = Release|Any CPU
		{8EC10995-F491-1832-4354-D15ABAD8F5E9}.Release|Any CPU.Build.0 = Release|Any CPU
		{9E30AF5E-C14D-DD9B-BBD3-B02B560EFE4A}.Debug|Any CPU.ActiveCfg = Debug|Any CPU
		{9E30AF5E-C14D-DD9B-BBD3-B02B560EFE4A}.Debug|Any CPU.Build.0 = Debug|Any CPU
		{9E30AF5E-C14D-DD9B-BBD3-B02B560EFE4A}.Release|Any CPU.ActiveCfg = Release|Any CPU
		{9E30AF5E-C14D-DD9B-BBD3-B02B560EFE4A}.Release|Any CPU.Build.0 = Release|Any CPU
	EndGlobalSection
	GlobalSection(SolutionProperties) = preSolution
		HideSolutionNode = FALSE
	EndGlobalSection
EndGlobal
